Microsoft Visual Studio Solution File, Format Version 12.00
# Visual Studio 15
VisualStudioVersion = 15.0.26228.4
MinimumVisualStudioVersion = 15.0.26124.0
Project("{2150E333-8FDC-42A3-9474-1A3956D46DE8}") = "src", "src", "{DF87F662-BD20-4EC9-9446-EB9022CFE0DD}"
EndProject
Project("{13B669BE-BB05-4DDF-9536-439F39A36129}") = "PrimeService.API", "src\PrimeService.API\PrimeService.API.csproj", "{78F16292-7F21-4D1E-A75C-ADE196BB296C}"
EndProject
Project("{2150E333-8FDC-42A3-9474-1A3956D46DE8}") = "test", "test", "{B0C58CE8-3C64-44C1-83AF-A010457A7025}"
EndProject
Project("{13B669BE-BB05-4DDF-9536-439F39A36129}") = "PrimeServices.Tests", "test\PrimeServices.Tests\PrimeServices.Tests.csproj", "{BFE0B9C9-A852-45C8-A6A9-C8A94F8CC50B}"
EndProject
Project("{13B669BE-BB05-4DDF-9536-439F39A36129}") = "PrimeServices.IntegrationTests", "test\PrimeServices.IntegrationTests\PrimeServices.IntegrationTests.csproj", "{ACAC139C-BDBC-44D0-B45F-A088C7BE9E7C}"
EndProject
Project("{9A19103F-16F7-4668-BE54-9A1E7A4F7556}") = "Prime.Entities", "src\Prime.Entities\Prime.Entities.csproj", "{AE919BE8-7DB8-4133-ACD9-B86F3F9754C6}"
EndProject
Project("{FAE04EC0-301F-11D3-BF4B-00C04F79EFBC}") = "Prime.Domain", "src\Prime.Domain\Prime.Domain.csproj", "{F7873474-083C-46BB-A520-D8BC7ECCEDC2}"
EndProject
Global
	GlobalSection(SolutionConfigurationPlatforms) = preSolution
		Debug|Any CPU = Debug|Any CPU
		Debug|x64 = Debug|x64
		Debug|x86 = Debug|x86
		Release|Any CPU = Release|Any CPU
		Release|x64 = Release|x64
		Release|x86 = Release|x86
	EndGlobalSection
	GlobalSection(ProjectConfigurationPlatforms) = postSolution
		{78F16292-7F21-4D1E-A75C-ADE196BB296C}.Debug|Any CPU.ActiveCfg = Debug|Any CPU
		{78F16292-7F21-4D1E-A75C-ADE196BB296C}.Debug|Any CPU.Build.0 = Debug|Any CPU
		{78F16292-7F21-4D1E-A75C-ADE196BB296C}.Debug|x64.ActiveCfg = Debug|Any CPU
		{78F16292-7F21-4D1E-A75C-ADE196BB296C}.Debug|x64.Build.0 = Debug|Any CPU
		{78F16292-7F21-4D1E-A75C-ADE196BB296C}.Debug|x86.ActiveCfg = Debug|Any CPU
		{78F16292-7F21-4D1E-A75C-ADE196BB296C}.Debug|x86.Build.0 = Debug|Any CPU
		{78F16292-7F21-4D1E-A75C-ADE196BB296C}.Release|Any CPU.ActiveCfg = Release|Any CPU
		{78F16292-7F21-4D1E-A75C-ADE196BB296C}.Release|Any CPU.Build.0 = Release|Any CPU
		{78F16292-7F21-4D1E-A75C-ADE196BB296C}.Release|x64.ActiveCfg = Release|Any CPU
		{78F16292-7F21-4D1E-A75C-ADE196BB296C}.Release|x64.Build.0 = Release|Any CPU
		{78F16292-7F21-4D1E-A75C-ADE196BB296C}.Release|x86.ActiveCfg = Release|Any CPU
		{78F16292-7F21-4D1E-A75C-ADE196BB296C}.Release|x86.Build.0 = Release|Any CPU
		{BFE0B9C9-A852-45C8-A6A9-C8A94F8CC50B}.Debug|Any CPU.ActiveCfg = Debug|Any CPU
		{BFE0B9C9-A852-45C8-A6A9-C8A94F8CC50B}.Debug|Any CPU.Build.0 = Debug|Any CPU
		{BFE0B9C9-A852-45C8-A6A9-C8A94F8CC50B}.Debug|x64.ActiveCfg = Debug|Any CPU
		{BFE0B9C9-A852-45C8-A6A9-C8A94F8CC50B}.Debug|x64.Build.0 = Debug|Any CPU
		{BFE0B9C9-A852-45C8-A6A9-C8A94F8CC50B}.Debug|x86.ActiveCfg = Debug|Any CPU
		{BFE0B9C9-A852-45C8-A6A9-C8A94F8CC50B}.Debug|x86.Build.0 = Debug|Any CPU
		{BFE0B9C9-A852-45C8-A6A9-C8A94F8CC50B}.Release|Any CPU.ActiveCfg = Release|Any CPU
		{BFE0B9C9-A852-45C8-A6A9-C8A94F8CC50B}.Release|Any CPU.Build.0 = Release|Any CPU
		{BFE0B9C9-A852-45C8-A6A9-C8A94F8CC50B}.Release|x64.ActiveCfg = Release|Any CPU
		{BFE0B9C9-A852-45C8-A6A9-C8A94F8CC50B}.Release|x64.Build.0 = Release|Any CPU
		{BFE0B9C9-A852-45C8-A6A9-C8A94F8CC50B}.Release|x86.ActiveCfg = Release|Any CPU
		{BFE0B9C9-A852-45C8-A6A9-C8A94F8CC50B}.Release|x86.Build.0 = Release|Any CPU
		{ACAC139C-BDBC-44D0-B45F-A088C7BE9E7C}.Debug|Any CPU.ActiveCfg = Debug|Any CPU
		{ACAC139C-BDBC-44D0-B45F-A088C7BE9E7C}.Debug|Any CPU.Build.0 = Debug|Any CPU
		{ACAC139C-BDBC-44D0-B45F-A088C7BE9E7C}.Debug|x64.ActiveCfg = Debug|Any CPU
		{ACAC139C-BDBC-44D0-B45F-A088C7BE9E7C}.Debug|x64.Build.0 = Debug|Any CPU
		{ACAC139C-BDBC-44D0-B45F-A088C7BE9E7C}.Debug|x86.ActiveCfg = Debug|Any CPU
		{ACAC139C-BDBC-44D0-B45F-A088C7BE9E7C}.Debug|x86.Build.0 = Debug|Any CPU
		{ACAC139C-BDBC-44D0-B45F-A088C7BE9E7C}.Release|Any CPU.ActiveCfg = Release|Any CPU
		{ACAC139C-BDBC-44D0-B45F-A088C7BE9E7C}.Release|Any CPU.Build.0 = Release|Any CPU
		{ACAC139C-BDBC-44D0-B45F-A088C7BE9E7C}.Release|x64.ActiveCfg = Release|Any CPU
		{ACAC139C-BDBC-44D0-B45F-A088C7BE9E7C}.Release|x64.Build.0 = Release|Any CPU
		{ACAC139C-BDBC-44D0-B45F-A088C7BE9E7C}.Release|x86.ActiveCfg = Release|Any CPU
		{ACAC139C-BDBC-44D0-B45F-A088C7BE9E7C}.Release|x86.Build.0 = Release|Any CPU
		{AE919BE8-7DB8-4133-ACD9-B86F3F9754C6}.Debug|Any CPU.ActiveCfg = Debug|Any CPU
		{AE919BE8-7DB8-4133-ACD9-B86F3F9754C6}.Debug|Any CPU.Build.0 = Debug|Any CPU
		{AE919BE8-7DB8-4133-ACD9-B86F3F9754C6}.Debug|x64.ActiveCfg = Debug|Any CPU
		{AE919BE8-7DB8-4133-ACD9-B86F3F9754C6}.Debug|x64.Build.0 = Debug|Any CPU
		{AE919BE8-7DB8-4133-ACD9-B86F3F9754C6}.Debug|x86.ActiveCfg = Debug|Any CPU
		{AE919BE8-7DB8-4133-ACD9-B86F3F9754C6}.Debug|x86.Build.0 = Debug|Any CPU
		{AE919BE8-7DB8-4133-ACD9-B86F3F9754C6}.Release|Any CPU.ActiveCfg = Release|Any CPU
		{AE919BE8-7DB8-4133-ACD9-B86F3F9754C6}.Release|Any CPU.Build.0 = Release|Any CPU
		{AE919BE8-7DB8-4133-ACD9-B86F3F9754C6}.Release|x64.ActiveCfg = Release|Any CPU
		{AE919BE8-7DB8-4133-ACD9-B86F3F9754C6}.Release|x64.Build.0 = Release|Any CPU
		{AE919BE8-7DB8-4133-ACD9-B86F3F9754C6}.Release|x86.ActiveCfg = Release|Any CPU
		{AE919BE8-7DB8-4133-ACD9-B86F3F9754C6}.Release|x86.Build.0 = Release|Any CPU
		{F7873474-083C-46BB-A520-D8BC7ECCEDC2}.Debug|Any CPU.ActiveCfg = Debug|Any CPU
		{F7873474-083C-46BB-A520-D8BC7ECCEDC2}.Debug|Any CPU.Build.0 = Debug|Any CPU
		{F7873474-083C-46BB-A520-D8BC7ECCEDC2}.Debug|x64.ActiveCfg = Debug|Any CPU
		{F7873474-083C-46BB-A520-D8BC7ECCEDC2}.Debug|x64.Build.0 = Debug|Any CPU
		{F7873474-083C-46BB-A520-D8BC7ECCEDC2}.Debug|x86.ActiveCfg = Debug|Any CPU
		{F7873474-083C-46BB-A520-D8BC7ECCEDC2}.Debug|x86.Build.0 = Debug|Any CPU
		{F7873474-083C-46BB-A520-D8BC7ECCEDC2}.Release|Any CPU.ActiveCfg = Release|Any CPU
		{F7873474-083C-46BB-A520-D8BC7ECCEDC2}.Release|Any CPU.Build.0 = Release|Any CPU
		{F7873474-083C-46BB-A520-D8BC7ECCEDC2}.Release|x64.ActiveCfg = Release|Any CPU
		{F7873474-083C-46BB-A520-D8BC7ECCEDC2}.Release|x64.Build.0 = Release|Any CPU
		{F7873474-083C-46BB-A520-D8BC7ECCEDC2}.Release|x86.ActiveCfg = Release|Any CPU
		{F7873474-083C-46BB-A520-D8BC7ECCEDC2}.Release|x86.Build.0 = Release|Any CPU
	EndGlobalSection
	GlobalSection(SolutionProperties) = preSolution
		HideSolutionNode = FALSE
	EndGlobalSection
	GlobalSection(NestedProjects) = preSolution
		{78F16292-7F21-4D1E-A75C-ADE196BB296C} = {DF87F662-BD20-4EC9-9446-EB9022CFE0DD}
		{BFE0B9C9-A852-45C8-A6A9-C8A94F8CC50B} = {B0C58CE8-3C64-44C1-83AF-A010457A7025}
		{ACAC139C-BDBC-44D0-B45F-A088C7BE9E7C} = {B0C58CE8-3C64-44C1-83AF-A010457A7025}
		{AE919BE8-7DB8-4133-ACD9-B86F3F9754C6} = {DF87F662-BD20-4EC9-9446-EB9022CFE0DD}
		{F7873474-083C-46BB-A520-D8BC7ECCEDC2} = {DF87F662-BD20-4EC9-9446-EB9022CFE0DD}
	EndGlobalSection
EndGlobal
